{
  "originHash" : "033133227950924ca071090a084a608e5343a69494c4fb95f967971327c66d65",
  "pins" : [
    {
      "identity" : "swift-realtime-openai",
      "kind" : "remoteSourceControl",
      "location" : "https://github.com/m1guelpf/swift-realtime-openai.git",
      "state" : {
        "branch" : "main",
        "revision" : "1bd6b95c24cb7a48dd95405931148538a1582850"
      }
    },
    {
      "identity" : "webrtc",
      "kind" : "remoteSourceControl",
      "location" : "https://github.com/stasel/WebRTC.git",
      "state" : {
        "branch" : "latest",
        "revision" : "d8f47164ab8180dd3a44f625d1774085c1bbd682"
      }
    }
  ],
  "version" : 3
}
